<?xml version="1.0"?>
<CONFIG>
  <ProjectOptions>
    <Version Value="9"/>
    <General>
      <Flags>
        <AlwaysBuild Value="False"/>
        <LRSInOutputDirectory Value="False"/>
      </Flags>
      <SessionStorage Value="InProjectDir"/>
      <MainUnit Value="0"/>
    </General>
    <VersionInfo>
      <StringTable ProductVersion=""/>
    </VersionInfo>
    <PublishOptions>
      <Version Value="2"/>
      <IncludeFileFilter Value="*.(pas|pp|inc|lfm|lpr|lrs|lpi|lpk|sh|xml)"/>
      <ExcludeFileFilter Value="*.(bak|ppu|ppw|o|so);*~;backup"/>
    </PublishOptions>
    <RunParams>
      <local>
        <FormatVersion Value="1"/>
        <LaunchingApplication PathPlusParams="/usr/X11R6/bin/xterm -T 'Lazarus Run Output' -e $(LazarusDir)/tools/runwait.sh $(TargetCmdLine)"/>
      </local>
    </RunParams>
    <RequiredPackages Count="2">
      <Item1>
        <PackageName Value="LCL"/>
      </Item1>
      <Item2>
        <PackageName Value="FCL"/>
        <MinVersion Major="1" Valid="True"/>
      </Item2>
    </RequiredPackages>
    <Units Count="17">
      <Unit0>
        <Filename Value="turbocircuit.dpr"/>
        <IsPartOfProject Value="True"/>
        <UnitName Value="turbocircuit"/>
      </Unit0>
      <Unit1>
        <Filename Value="app.pas"/>
        <IsPartOfProject Value="True"/>
        <ComponentName Value="MainForm"/>
        <HasResources Value="True"/>
        <ResourceBaseClass Value="Form"/>
        <UnitName Value="app"/>
      </Unit1>
      <Unit2>
        <Filename Value="schematics.pas"/>
        <IsPartOfProject Value="True"/>
        <UnitName Value="schematics"/>
      </Unit2>
      <Unit3>
        <Filename Value="dbcomponents.pas"/>
        <IsPartOfProject Value="True"/>
        <UnitName Value="dbcomponents"/>
      </Unit3>
      <Unit4>
        <Filename Value="translationstc.pas"/>
        <IsPartOfProject Value="True"/>
        <UnitName Value="translationstc"/>
      </Unit4>
      <Unit5>
        <Filename Value="constants.pas"/>
        <IsPartOfProject Value="True"/>
        <UnitName Value="constants"/>
      </Unit5>
      <Unit6>
        <Filename Value="document.pas"/>
        <IsPartOfProject Value="True"/>
        <UnitName Value="document"/>
      </Unit6>
      <Unit7>
        <Filename Value="dlgabout.pas"/>
        <IsPartOfProject Value="True"/>
        <ComponentName Value="vAbout"/>
        <UnitName Value="dlgabout"/>
      </Unit7>
      <Unit8>
        <Filename Value="dlgcomponentseditor.pas"/>
        <IsPartOfProject Value="True"/>
        <ComponentName Value="vComponentsEditor"/>
        <ResourceBaseClass Value="Form"/>
        <UnitName Value="dlgcomponentseditor"/>
      </Unit8>
      <Unit9>
        <Filename Value="tcutils.pas"/>
        <IsPartOfProject Value="True"/>
        <UnitName Value="tcutils"/>
      </Unit9>
      <Unit10>
        <Filename Value="tcdbutils.pas"/>
        <IsPartOfProject Value="True"/>
        <UnitName Value="tcdbutils"/>
      </Unit10>
      <Unit11>
        <Filename Value="tcfileformat.pas"/>
        <IsPartOfProject Value="True"/>
        <UnitName Value="tcfileformat"/>
      </Unit11>
      <Unit12>
        <Filename Value="drawer.pas"/>
        <IsPartOfProject Value="True"/>
        <UnitName Value="drawer"/>
      </Unit12>
      <Unit13>
        <Filename Value="dlgdocumentopts.pas"/>
        <IsPartOfProject Value="True"/>
        <ComponentName Value="DocumentOptions"/>
        <UnitName Value="dlgdocumentopts"/>
      </Unit13>
      <Unit14>
        <Filename Value="tclists.pas"/>
        <IsPartOfProject Value="True"/>
        <UnitName Value="tclists"/>
      </Unit14>
      <Unit15>
        <Filename Value="tcsettings.pas"/>
        <IsPartOfProject Value="True"/>
        <UnitName Value="tcsettings"/>
      </Unit15>
      <Unit16>
        <Filename Value="toolscode.pas"/>
        <IsPartOfProject Value="True"/>
        <UnitName Value="toolscode"/>
      </Unit16>
    </Units>
  </ProjectOptions>
  <CompilerOptions>
    <Version Value="9"/>
    <Parsing>
      <SyntaxOptions>
        <CStyleOperator Value="False"/>
        <UseAnsiStrings Value="False"/>
      </SyntaxOptions>
    </Parsing>
    <Linking>
      <Options>
        <LinkerOptions Value="-framework Qt4Intf -lobjc -lsqlite3"/>
        <Win32>
          <GraphicApplication Value="True"/>
        </Win32>
      </Options>
    </Linking>
    <Other>
      <CompilerPath Value="$(CompPath)"/>
    </Other>
  </CompilerOptions>
</CONFIG>
