<?xml version="1.0"?>
<CONFIG>
  <ProjectOptions>
    <PathDelim Value="\"/>
    <Version Value="6"/>
    <General>
      <Flags>
        <AlwaysBuild Value="False"/>
      </Flags>
      <SessionStorage Value="InProjectDir"/>
      <MainUnit Value="0"/>
      <IconPath Value=".\"/>
      <TargetFileExt Value=""/>
    </General>
    <VersionInfo>
      <ProjectVersion Value=""/>
    </VersionInfo>
    <PublishOptions>
      <Version Value="2"/>
      <IncludeFileFilter Value="*.(pas|pp|inc|lfm|lpr|lrs|lpi|lpk|sh|xml)"/>
      <ExcludeFileFilter Value="*.(bak|ppu|ppw|o|so);*~;backup"/>
    </PublishOptions>
    <RunParams>
      <local>
        <FormatVersion Value="1"/>
        <LaunchingApplication PathPlusParams="\usr\X11R6\bin\xterm -T 'Lazarus Run Output' -e $(LazarusDir)\tools\runwait.sh $(TargetCmdLine)"/>
      </local>
    </RunParams>
    <RequiredPackages Count="3">
      <Item1>
        <PackageName Value="sqlite3laz"/>
        <MinVersion Minor="3" Valid="True"/>
      </Item1>
      <Item2>
        <PackageName Value="LCL"/>
      </Item2>
      <Item3>
        <PackageName Value="FCL"/>
        <MinVersion Major="1" Valid="True"/>
      </Item3>
    </RequiredPackages>
    <Units Count="15">
      <Unit0>
        <Filename Value="turbocircuit.dpr"/>
        <IsPartOfProject Value="True"/>
        <UnitName Value="turbocircuit"/>
      </Unit0>
      <Unit1>
        <Filename Value="app.pas"/>
        <ComponentName Value="MainForm"/>
        <HasResources Value="True"/>
        <IsPartOfProject Value="True"/>
        <ResourceFilename Value="app.lrs"/>
        <UnitName Value="app"/>
      </Unit1>
      <Unit2>
        <Filename Value="schematics.pas"/>
        <IsPartOfProject Value="True"/>
        <UnitName Value="schematics"/>
      </Unit2>
      <Unit3>
        <Filename Value="dbcomponents.pas"/>
        <IsPartOfProject Value="True"/>
        <UnitName Value="dbcomponents"/>
      </Unit3>
      <Unit4>
        <Filename Value="translationstc.pas"/>
        <IsPartOfProject Value="True"/>
        <UnitName Value="translationstc"/>
      </Unit4>
      <Unit5>
        <Filename Value="constants.pas"/>
        <IsPartOfProject Value="True"/>
        <UnitName Value="constants"/>
      </Unit5>
      <Unit6>
        <Filename Value="document.pas"/>
        <IsPartOfProject Value="True"/>
        <UnitName Value="document"/>
      </Unit6>
      <Unit7>
        <Filename Value="dlgabout.pas"/>
        <ComponentName Value="vAbout"/>
        <IsPartOfProject Value="True"/>
        <ResourceFilename Value="dlgabout.lrs"/>
        <UnitName Value="dlgabout"/>
      </Unit7>
      <Unit8>
        <Filename Value="dlgcomponentseditor.pas"/>
        <ComponentName Value="vComponentsEditor"/>
        <IsPartOfProject Value="True"/>
        <ResourceFilename Value="dlgcomponentseditor.lrs"/>
        <UnitName Value="dlgcomponentseditor"/>
      </Unit8>
      <Unit9>
        <Filename Value="tcutils.pas"/>
        <IsPartOfProject Value="True"/>
        <UnitName Value="tcutils"/>
      </Unit9>
      <Unit10>
        <Filename Value="tcdbutils.pas"/>
        <IsPartOfProject Value="True"/>
        <UnitName Value="tcdbutils"/>
      </Unit10>
      <Unit11>
        <Filename Value="tcfileformat.pas"/>
        <IsPartOfProject Value="True"/>
        <UnitName Value="tcfileformat"/>
      </Unit11>
      <Unit12>
        <Filename Value="drawer.pas"/>
        <IsPartOfProject Value="True"/>
        <UnitName Value="drawer"/>
      </Unit12>
      <Unit13>
        <Filename Value="dlgdocumentopts.pas"/>
        <ComponentName Value="DocumentOptions"/>
        <IsPartOfProject Value="True"/>
        <ResourceFilename Value="dlgdocumentopts.lrs"/>
        <UnitName Value="dlgdocumentopts"/>
      </Unit13>
      <Unit14>
        <Filename Value="tclists.pas"/>
        <IsPartOfProject Value="True"/>
        <UnitName Value="tclists"/>
      </Unit14>
    </Units>
  </ProjectOptions>
  <CompilerOptions>
    <Version Value="5"/>
    <PathDelim Value="\"/>
    <SearchPaths>
      <UnitOutputDirectory Value="C:\Programas\turbocircuit"/>
    </SearchPaths>
    <CodeGeneration>
      <Generate Value="Faster"/>
    </CodeGeneration>
    <Linking>
      <Options>
        <LinkerOptions Value="-framework Qt4Intf -lobjc -lsqlite3"/>
        <Win32>
          <GraphicApplication Value="True"/>
        </Win32>
      </Options>
    </Linking>
    <Other>
      <CompilerPath Value="$(CompPath)"/>
    </Other>
  </CompilerOptions>
</CONFIG>
